// !$*UTF8*$!
{
	archiveVersion = 1;
	classes = {
	};
	objectVersion = 56;
	objects = {

/* Begin PBXBuildFile section */
		3FF5929C28F9901100628C52 /* GridView.swift in Sources */ = {isa = PBXBuildFile; fileRef = 3FF5929828F9901100628C52 /* GridView.swift */; };
		3FF5929D28F9901100628C52 /* IndieFlower-Regular.ttf in Resources */ = {isa = PBXBuildFile; fileRef = 3FF5929928F9901100628C52 /* IndieFlower-Regular.ttf */; };
		3FF5929E28F9901100628C52 /* Colors.swift in Sources */ = {isa = PBXBuildFile; fileRef = 3FF5929A28F9901100628C52 /* Colors.swift */; };
		3FF5929F28F9901100628C52 /* Typography.swift in Sources */ = {isa = PBXBuildFile; fileRef = 3FF5929B28F9901100628C52 /* Typography.swift */; };
		A7029D1728E474CC00FBFF32 /* Game.swift in Sources */ = {isa = PBXBuildFile; fileRef = A7029D1628E474CC00FBFF32 /* Game.swift */; };
		A7029D1A28E4757400FBFF32 /* Games.json in Resources */ = {isa = PBXBuildFile; fileRef = A7029D1928E4757400FBFF32 /* Games.json */; };
		A7029D1C28E4772600FBFF32 /* ContentViewModel.swift in Sources */ = {isa = PBXBuildFile; fileRef = A7029D1B28E4772600FBFF32 /* ContentViewModel.swift */; };
		A71E224428F4408C00A03382 /* Locale.swift in Sources */ = {isa = PBXBuildFile; fileRef = A71E224328F4408C00A03382 /* Locale.swift */; };
		A730C83B28E1EA41007A2097 /* DrinksApp.swift in Sources */ = {isa = PBXBuildFile; fileRef = A730C83A28E1EA41007A2097 /* DrinksApp.swift */; };
		A730C83D28E1EA41007A2097 /* ContentView.swift in Sources */ = {isa = PBXBuildFile; fileRef = A730C83C28E1EA41007A2097 /* ContentView.swift */; };
		A730C83F28E1EA43007A2097 /* Assets.xcassets in Resources */ = {isa = PBXBuildFile; fileRef = A730C83E28E1EA43007A2097 /* Assets.xcassets */; };
		A730C84228E1EA43007A2097 /* Preview Assets.xcassets in Resources */ = {isa = PBXBuildFile; fileRef = A730C84128E1EA43007A2097 /* Preview Assets.xcassets */; };
		A730C84C28E1EA43007A2097 /* DrinksTests.swift in Sources */ = {isa = PBXBuildFile; fileRef = A730C84B28E1EA43007A2097 /* DrinksTests.swift */; };
		A730C85628E1EA43007A2097 /* DrinksUITests.swift in Sources */ = {isa = PBXBuildFile; fileRef = A730C85528E1EA43007A2097 /* DrinksUITests.swift */; };
		A730C85828E1EA43007A2097 /* DrinksUITestsLaunchTests.swift in Sources */ = {isa = PBXBuildFile; fileRef = A730C85728E1EA43007A2097 /* DrinksUITestsLaunchTests.swift */; };
		A730C86528E1EA98007A2097 /* .gitignore in Resources */ = {isa = PBXBuildFile; fileRef = A730C86428E1EA98007A2097 /* .gitignore */; };
		A730C86728E1EAA8007A2097 /* README.md in Resources */ = {isa = PBXBuildFile; fileRef = A730C86628E1EAA8007A2097 /* README.md */; };
		A730C86928E1EABC007A2097 /* .swiftlint.yml in Resources */ = {isa = PBXBuildFile; fileRef = A730C86828E1EABC007A2097 /* .swiftlint.yml */; };
		A7829AC928F8358600B9B405 /* Localizable.strings in Resources */ = {isa = PBXBuildFile; fileRef = A7829ACB28F8358600B9B405 /* Localizable.strings */; };
		A7A8D2C728EEFC00003AB3F3 /* ImageHandler.swift in Sources */ = {isa = PBXBuildFile; fileRef = A7A8D2C628EEFC00003AB3F3 /* ImageHandler.swift */; };
		A7A8D2CB28EEFD32003AB3F3 /* MockImageHandler.swift in Sources */ = {isa = PBXBuildFile; fileRef = A7A8D2CA28EEFD32003AB3F3 /* MockImageHandler.swift */; };
		A7B1AD5A28E5BD4A004B06C0 /* GameFactory.swift in Sources */ = {isa = PBXBuildFile; fileRef = A7B1AD5928E5BD4A004B06C0 /* GameFactory.swift */; };
		A7B1AD5D28E5C102004B06C0 /* Collection.swift in Sources */ = {isa = PBXBuildFile; fileRef = A7B1AD5C28E5C102004B06C0 /* Collection.swift */; };
		A7B1AD5F28E5C39A004B06C0 /* MockGameFactory.swift in Sources */ = {isa = PBXBuildFile; fileRef = A7B1AD5E28E5C39A004B06C0 /* MockGameFactory.swift */; };
		A7C8918C28FECDE700A8DC13 /* GameTextView.swift in Sources */ = {isa = PBXBuildFile; fileRef = A7C8918B28FECDE700A8DC13 /* GameTextView.swift */; };
/* End PBXBuildFile section */

/* Begin PBXContainerItemProxy section */
		A730C84828E1EA43007A2097 /* PBXContainerItemProxy */ = {
			isa = PBXContainerItemProxy;
			containerPortal = A730C82F28E1EA41007A2097 /* Project object */;
			proxyType = 1;
			remoteGlobalIDString = A730C83628E1EA41007A2097;
			remoteInfo = Drinks;
		};
		A730C85228E1EA43007A2097 /* PBXContainerItemProxy */ = {
			isa = PBXContainerItemProxy;
			containerPortal = A730C82F28E1EA41007A2097 /* Project object */;
			proxyType = 1;
			remoteGlobalIDString = A730C83628E1EA41007A2097;
			remoteInfo = Drinks;
		};
/* End PBXContainerItemProxy section */

/* Begin PBXFileReference section */
		3FF5929828F9901100628C52 /* GridView.swift */ = {isa = PBXFileReference; fileEncoding = 4; lastKnownFileType = sourcecode.swift; path = GridView.swift; sourceTree = "<group>"; };
		3FF5929928F9901100628C52 /* IndieFlower-Regular.ttf */ = {isa = PBXFileReference; lastKnownFileType = file; path = "IndieFlower-Regular.ttf"; sourceTree = "<group>"; };
		3FF5929A28F9901100628C52 /* Colors.swift */ = {isa = PBXFileReference; fileEncoding = 4; lastKnownFileType = sourcecode.swift; path = Colors.swift; sourceTree = "<group>"; };
		3FF5929B28F9901100628C52 /* Typography.swift */ = {isa = PBXFileReference; fileEncoding = 4; lastKnownFileType = sourcecode.swift; path = Typography.swift; sourceTree = "<group>"; };
		3FF592A028F9902B00628C52 /* Info.plist */ = {isa = PBXFileReference; lastKnownFileType = text.plist; path = Info.plist; sourceTree = "<group>"; };
		A7029D1628E474CC00FBFF32 /* Game.swift */ = {isa = PBXFileReference; lastKnownFileType = sourcecode.swift; path = Game.swift; sourceTree = "<group>"; };
		A7029D1928E4757400FBFF32 /* Games.json */ = {isa = PBXFileReference; lastKnownFileType = text.json; path = Games.json; sourceTree = "<group>"; };
		A7029D1B28E4772600FBFF32 /* ContentViewModel.swift */ = {isa = PBXFileReference; lastKnownFileType = sourcecode.swift; path = ContentViewModel.swift; sourceTree = "<group>"; };
		A71E224328F4408C00A03382 /* Locale.swift */ = {isa = PBXFileReference; lastKnownFileType = sourcecode.swift; path = Locale.swift; sourceTree = "<group>"; };
		A730C83728E1EA41007A2097 /* Drinks.app */ = {isa = PBXFileReference; explicitFileType = wrapper.application; includeInIndex = 0; path = Drinks.app; sourceTree = BUILT_PRODUCTS_DIR; };
		A730C83A28E1EA41007A2097 /* DrinksApp.swift */ = {isa = PBXFileReference; lastKnownFileType = sourcecode.swift; path = DrinksApp.swift; sourceTree = "<group>"; };
		A730C83C28E1EA41007A2097 /* ContentView.swift */ = {isa = PBXFileReference; lastKnownFileType = sourcecode.swift; path = ContentView.swift; sourceTree = "<group>"; };
		A730C83E28E1EA43007A2097 /* Assets.xcassets */ = {isa = PBXFileReference; lastKnownFileType = folder.assetcatalog; path = Assets.xcassets; sourceTree = "<group>"; };
		A730C84128E1EA43007A2097 /* Preview Assets.xcassets */ = {isa = PBXFileReference; lastKnownFileType = folder.assetcatalog; path = "Preview Assets.xcassets"; sourceTree = "<group>"; };
		A730C84728E1EA43007A2097 /* DrinksTests.xctest */ = {isa = PBXFileReference; explicitFileType = wrapper.cfbundle; includeInIndex = 0; path = DrinksTests.xctest; sourceTree = BUILT_PRODUCTS_DIR; };
		A730C84B28E1EA43007A2097 /* DrinksTests.swift */ = {isa = PBXFileReference; lastKnownFileType = sourcecode.swift; path = DrinksTests.swift; sourceTree = "<group>"; };
		A730C85128E1EA43007A2097 /* DrinksUITests.xctest */ = {isa = PBXFileReference; explicitFileType = wrapper.cfbundle; includeInIndex = 0; path = DrinksUITests.xctest; sourceTree = BUILT_PRODUCTS_DIR; };
		A730C85528E1EA43007A2097 /* DrinksUITests.swift */ = {isa = PBXFileReference; lastKnownFileType = sourcecode.swift; path = DrinksUITests.swift; sourceTree = "<group>"; };
		A730C85728E1EA43007A2097 /* DrinksUITestsLaunchTests.swift */ = {isa = PBXFileReference; lastKnownFileType = sourcecode.swift; path = DrinksUITestsLaunchTests.swift; sourceTree = "<group>"; };
		A730C86428E1EA98007A2097 /* .gitignore */ = {isa = PBXFileReference; lastKnownFileType = text; path = .gitignore; sourceTree = "<group>"; };
		A730C86628E1EAA8007A2097 /* README.md */ = {isa = PBXFileReference; lastKnownFileType = net.daringfireball.markdown; path = README.md; sourceTree = "<group>"; };
		A730C86828E1EABC007A2097 /* .swiftlint.yml */ = {isa = PBXFileReference; lastKnownFileType = text.yaml; path = .swiftlint.yml; sourceTree = "<group>"; };
		A7829ACA28F8358600B9B405 /* en */ = {isa = PBXFileReference; lastKnownFileType = text.plist.strings; name = en; path = en.lproj/Localizable.strings; sourceTree = "<group>"; };
		A7829ACC28F8358900B9B405 /* pt-BR */ = {isa = PBXFileReference; lastKnownFileType = text.plist.strings; name = "pt-BR"; path = "pt-BR.lproj/Localizable.strings"; sourceTree = "<group>"; };
		A7A8D2C628EEFC00003AB3F3 /* ImageHandler.swift */ = {isa = PBXFileReference; lastKnownFileType = sourcecode.swift; path = ImageHandler.swift; sourceTree = "<group>"; };
		A7A8D2CA28EEFD32003AB3F3 /* MockImageHandler.swift */ = {isa = PBXFileReference; lastKnownFileType = sourcecode.swift; path = MockImageHandler.swift; sourceTree = "<group>"; };
		A7B1AD5928E5BD4A004B06C0 /* GameFactory.swift */ = {isa = PBXFileReference; lastKnownFileType = sourcecode.swift; path = GameFactory.swift; sourceTree = "<group>"; };
		A7B1AD5C28E5C102004B06C0 /* Collection.swift */ = {isa = PBXFileReference; lastKnownFileType = sourcecode.swift; path = Collection.swift; sourceTree = "<group>"; };
		A7B1AD5E28E5C39A004B06C0 /* MockGameFactory.swift */ = {isa = PBXFileReference; lastKnownFileType = sourcecode.swift; path = MockGameFactory.swift; sourceTree = "<group>"; };
		A7C8918B28FECDE700A8DC13 /* GameTextView.swift */ = {isa = PBXFileReference; lastKnownFileType = sourcecode.swift; path = GameTextView.swift; sourceTree = "<group>"; };
/* End PBXFileReference section */

/* Begin PBXFrameworksBuildPhase section */
		A730C83428E1EA41007A2097 /* Frameworks */ = {
			isa = PBXFrameworksBuildPhase;
			buildActionMask = 2147483647;
			files = (
			);
			runOnlyForDeploymentPostprocessing = 0;
		};
		A730C84428E1EA43007A2097 /* Frameworks */ = {
			isa = PBXFrameworksBuildPhase;
			buildActionMask = 2147483647;
			files = (
			);
			runOnlyForDeploymentPostprocessing = 0;
		};
		A730C84E28E1EA43007A2097 /* Frameworks */ = {
			isa = PBXFrameworksBuildPhase;
			buildActionMask = 2147483647;
			files = (
			);
			runOnlyForDeploymentPostprocessing = 0;
		};
/* End PBXFrameworksBuildPhase section */

/* Begin PBXGroup section */
		3FF5929728F98FEC00628C52 /* Styles */ = {
			isa = PBXGroup;
			children = (
				3FF5929A28F9901100628C52 /* Colors.swift */,
				3FF5929B28F9901100628C52 /* Typography.swift */,
			);
			path = Styles;
			sourceTree = "<group>";
		};
		A7029D1428E4749400FBFF32 /* Model */ = {
			isa = PBXGroup;
			children = (
				A7A8D2C928EEFD1F003AB3F3 /* ImageHandler */,
				A7A8D2C828EEFD14003AB3F3 /* GameFactory */,
				A7029D1628E474CC00FBFF32 /* Game.swift */,
				A71E224328F4408C00A03382 /* Locale.swift */,
			);
			path = Model;
			sourceTree = "<group>";
		};
		A7029D1528E474AB00FBFF32 /* Scenes */ = {
			isa = PBXGroup;
			children = (
				A730C83C28E1EA41007A2097 /* ContentView.swift */,
				A7029D1B28E4772600FBFF32 /* ContentViewModel.swift */,
			);
			path = Scenes;
			sourceTree = "<group>";
		};
		A7029D1828E4752800FBFF32 /* Mock */ = {
			isa = PBXGroup;
			children = (
				A7029D1928E4757400FBFF32 /* Games.json */,
			);
			path = Mock;
			sourceTree = "<group>";
		};
		A730C82E28E1EA41007A2097 = {
			isa = PBXGroup;
			children = (
				A730C86628E1EAA8007A2097 /* README.md */,
				A730C86428E1EA98007A2097 /* .gitignore */,
				A730C86828E1EABC007A2097 /* .swiftlint.yml */,
				A730C83928E1EA41007A2097 /* Drinks */,
				A730C84A28E1EA43007A2097 /* DrinksTests */,
				A730C85428E1EA43007A2097 /* DrinksUITests */,
				A730C83828E1EA41007A2097 /* Products */,
			);
			sourceTree = "<group>";
		};
		A730C83828E1EA41007A2097 /* Products */ = {
			isa = PBXGroup;
			children = (
				A730C83728E1EA41007A2097 /* Drinks.app */,
				A730C84728E1EA43007A2097 /* DrinksTests.xctest */,
				A730C85128E1EA43007A2097 /* DrinksUITests.xctest */,
			);
			name = Products;
			sourceTree = "<group>";
		};
		A730C83928E1EA41007A2097 /* Drinks */ = {
			isa = PBXGroup;
			children = (
				3FF592A028F9902B00628C52 /* Info.plist */,
				A730C83A28E1EA41007A2097 /* DrinksApp.swift */,
				A7829ACB28F8358600B9B405 /* Localizable.strings */,
				A792FEC328F9A0F700AE7D3F /* Assets */,
				A7029D1828E4752800FBFF32 /* Mock */,
				3FF5929728F98FEC00628C52 /* Styles */,
				A792FEC228F9A0CE00AE7D3F /* Components */,
				A7029D1528E474AB00FBFF32 /* Scenes */,
				A7029D1428E4749400FBFF32 /* Model */,
				A7B1AD5B28E5C09A004B06C0 /* Util */,
				A730C84028E1EA43007A2097 /* Preview Content */,
			);
			path = Drinks;
			sourceTree = "<group>";
		};
		A730C84028E1EA43007A2097 /* Preview Content */ = {
			isa = PBXGroup;
			children = (
				A730C84128E1EA43007A2097 /* Preview Assets.xcassets */,
			);
			path = "Preview Content";
			sourceTree = "<group>";
		};
		A730C84A28E1EA43007A2097 /* DrinksTests */ = {
			isa = PBXGroup;
			children = (
				A730C84B28E1EA43007A2097 /* DrinksTests.swift */,
			);
			path = DrinksTests;
			sourceTree = "<group>";
		};
		A730C85428E1EA43007A2097 /* DrinksUITests */ = {
			isa = PBXGroup;
			children = (
				A730C85528E1EA43007A2097 /* DrinksUITests.swift */,
				A730C85728E1EA43007A2097 /* DrinksUITestsLaunchTests.swift */,
			);
			path = DrinksUITests;
			sourceTree = "<group>";
		};
		A792FEC228F9A0CE00AE7D3F /* Components */ = {
			isa = PBXGroup;
			children = (
				3FF5929828F9901100628C52 /* GridView.swift */,
				A7C8918B28FECDE700A8DC13 /* GameTextView.swift */,
			);
			path = Components;
			sourceTree = "<group>";
		};
		A792FEC328F9A0F700AE7D3F /* Assets */ = {
			isa = PBXGroup;
			children = (
				A730C83E28E1EA43007A2097 /* Assets.xcassets */,
				3FF5929928F9901100628C52 /* IndieFlower-Regular.ttf */,
			);
			path = Assets;
			sourceTree = "<group>";
		};
		A7A8D2C828EEFD14003AB3F3 /* GameFactory */ = {
			isa = PBXGroup;
			children = (
				A7B1AD5928E5BD4A004B06C0 /* GameFactory.swift */,
				A7B1AD5E28E5C39A004B06C0 /* MockGameFactory.swift */,
			);
			path = GameFactory;
			sourceTree = "<group>";
		};
		A7A8D2C928EEFD1F003AB3F3 /* ImageHandler */ = {
			isa = PBXGroup;
			children = (
				A7A8D2C628EEFC00003AB3F3 /* ImageHandler.swift */,
				A7A8D2CA28EEFD32003AB3F3 /* MockImageHandler.swift */,
			);
			path = ImageHandler;
			sourceTree = "<group>";
		};
		A7B1AD5B28E5C09A004B06C0 /* Util */ = {
			isa = PBXGroup;
			children = (
				A7B1AD5C28E5C102004B06C0 /* Collection.swift */,
			);
			path = Util;
			sourceTree = "<group>";
		};
/* End PBXGroup section */

/* Begin PBXNativeTarget section */
		A730C83628E1EA41007A2097 /* Drinks */ = {
			isa = PBXNativeTarget;
			buildConfigurationList = A730C85B28E1EA43007A2097 /* Build configuration list for PBXNativeTarget "Drinks" */;
			buildPhases = (
				A730C83328E1EA41007A2097 /* Sources */,
				A730C83428E1EA41007A2097 /* Frameworks */,
				A730C83528E1EA41007A2097 /* Resources */,
				A730C86A28E1EC34007A2097 /* ShellScript */,
			);
			buildRules = (
			);
			dependencies = (
			);
			name = Drinks;
			productName = Drinks;
			productReference = A730C83728E1EA41007A2097 /* Drinks.app */;
			productType = "com.apple.product-type.application";
		};
		A730C84628E1EA43007A2097 /* DrinksTests */ = {
			isa = PBXNativeTarget;
			buildConfigurationList = A730C85E28E1EA43007A2097 /* Build configuration list for PBXNativeTarget "DrinksTests" */;
			buildPhases = (
				A730C84328E1EA43007A2097 /* Sources */,
				A730C84428E1EA43007A2097 /* Frameworks */,
				A730C84528E1EA43007A2097 /* Resources */,
			);
			buildRules = (
			);
			dependencies = (
				A730C84928E1EA43007A2097 /* PBXTargetDependency */,
			);
			name = DrinksTests;
			productName = DrinksTests;
			productReference = A730C84728E1EA43007A2097 /* DrinksTests.xctest */;
			productType = "com.apple.product-type.bundle.unit-test";
		};
		A730C85028E1EA43007A2097 /* DrinksUITests */ = {
			isa = PBXNativeTarget;
			buildConfigurationList = A730C86128E1EA43007A2097 /* Build configuration list for PBXNativeTarget "DrinksUITests" */;
			buildPhases = (
				A730C84D28E1EA43007A2097 /* Sources */,
				A730C84E28E1EA43007A2097 /* Frameworks */,
				A730C84F28E1EA43007A2097 /* Resources */,
			);
			buildRules = (
			);
			dependencies = (
				A730C85328E1EA43007A2097 /* PBXTargetDependency */,
			);
			name = DrinksUITests;
			productName = DrinksUITests;
			productReference = A730C85128E1EA43007A2097 /* DrinksUITests.xctest */;
			productType = "com.apple.product-type.bundle.ui-testing";
		};
/* End PBXNativeTarget section */

/* Begin PBXProject section */
		A730C82F28E1EA41007A2097 /* Project object */ = {
			isa = PBXProject;
			attributes = {
				BuildIndependentTargetsInParallel = 1;
				LastSwiftUpdateCheck = 1400;
				LastUpgradeCheck = 1400;
				TargetAttributes = {
					A730C83628E1EA41007A2097 = {
						CreatedOnToolsVersion = 14.0;
					};
					A730C84628E1EA43007A2097 = {
						CreatedOnToolsVersion = 14.0;
						TestTargetID = A730C83628E1EA41007A2097;
					};
					A730C85028E1EA43007A2097 = {
						CreatedOnToolsVersion = 14.0;
						TestTargetID = A730C83628E1EA41007A2097;
					};
				};
			};
			buildConfigurationList = A730C83228E1EA41007A2097 /* Build configuration list for PBXProject "Drinks" */;
			compatibilityVersion = "Xcode 14.0";
			developmentRegion = en;
			hasScannedForEncodings = 0;
			knownRegions = (
				en,
				"pt-BR",
			);
			mainGroup = A730C82E28E1EA41007A2097;
			productRefGroup = A730C83828E1EA41007A2097 /* Products */;
			projectDirPath = "";
			projectRoot = "";
			targets = (
				A730C83628E1EA41007A2097 /* Drinks */,
				A730C84628E1EA43007A2097 /* DrinksTests */,
				A730C85028E1EA43007A2097 /* DrinksUITests */,
			);
		};
/* End PBXProject section */

/* Begin PBXResourcesBuildPhase section */
		A730C83528E1EA41007A2097 /* Resources */ = {
			isa = PBXResourcesBuildPhase;
			buildActionMask = 2147483647;
			files = (
				A730C86928E1EABC007A2097 /* .swiftlint.yml in Resources */,
				A730C84228E1EA43007A2097 /* Preview Assets.xcassets in Resources */,
				3FF5929D28F9901100628C52 /* IndieFlower-Regular.ttf in Resources */,
				A730C86528E1EA98007A2097 /* .gitignore in Resources */,
				A7829AC928F8358600B9B405 /* Localizable.strings in Resources */,
				A730C86728E1EAA8007A2097 /* README.md in Resources */,
				A730C83F28E1EA43007A2097 /* Assets.xcassets in Resources */,
				A7029D1A28E4757400FBFF32 /* Games.json in Resources */,
			);
			runOnlyForDeploymentPostprocessing = 0;
		};
		A730C84528E1EA43007A2097 /* Resources */ = {
			isa = PBXResourcesBuildPhase;
			buildActionMask = 2147483647;
			files = (
			);
			runOnlyForDeploymentPostprocessing = 0;
		};
		A730C84F28E1EA43007A2097 /* Resources */ = {
			isa = PBXResourcesBuildPhase;
			buildActionMask = 2147483647;
			files = (
			);
			runOnlyForDeploymentPostprocessing = 0;
		};
/* End PBXResourcesBuildPhase section */

/* Begin PBXShellScriptBuildPhase section */
		A730C86A28E1EC34007A2097 /* ShellScript */ = {
			isa = PBXShellScriptBuildPhase;
			alwaysOutOfDate = 1;
			buildActionMask = 2147483647;
			files = (
			);
			inputFileListPaths = (
			);
			inputPaths = (
			);
			outputFileListPaths = (
			);
			outputPaths = (
			);
			runOnlyForDeploymentPostprocessing = 0;
			shellPath = /bin/sh;
			shellScript = "if which swiftlint >/dev/null; then\nswiftlint\nelse\necho \"warning: SwiftLint not installed, download from https://github.com/realm/SwiftLint\"\nfi\n";
		};
/* End PBXShellScriptBuildPhase section */

/* Begin PBXSourcesBuildPhase section */
		A730C83328E1EA41007A2097 /* Sources */ = {
			isa = PBXSourcesBuildPhase;
			buildActionMask = 2147483647;
			files = (
				A7029D1C28E4772600FBFF32 /* ContentViewModel.swift in Sources */,
				3FF5929E28F9901100628C52 /* Colors.swift in Sources */,
				A71E224428F4408C00A03382 /* Locale.swift in Sources */,
				A7C8918C28FECDE700A8DC13 /* GameTextView.swift in Sources */,
				A730C83D28E1EA41007A2097 /* ContentView.swift in Sources */,
				3FF5929C28F9901100628C52 /* GridView.swift in Sources */,
				A7029D1728E474CC00FBFF32 /* Game.swift in Sources */,
				A7A8D2CB28EEFD32003AB3F3 /* MockImageHandler.swift in Sources */,
				A7B1AD5D28E5C102004B06C0 /* Collection.swift in Sources */,
				A730C83B28E1EA41007A2097 /* DrinksApp.swift in Sources */,
				A7B1AD5F28E5C39A004B06C0 /* MockGameFactory.swift in Sources */,
				A7A8D2C728EEFC00003AB3F3 /* ImageHandler.swift in Sources */,
				3FF5929F28F9901100628C52 /* Typography.swift in Sources */,
				A7B1AD5A28E5BD4A004B06C0 /* GameFactory.swift in Sources */,
			);
			runOnlyForDeploymentPostprocessing = 0;
		};
		A730C84328E1EA43007A2097 /* Sources */ = {
			isa = PBXSourcesBuildPhase;
			buildActionMask = 2147483647;
			files = (
				A730C84C28E1EA43007A2097 /* DrinksTests.swift in Sources */,
			);
			runOnlyForDeploymentPostprocessing = 0;
		};
		A730C84D28E1EA43007A2097 /* Sources */ = {
			isa = PBXSourcesBuildPhase;
			buildActionMask = 2147483647;
			files = (
				A730C85628E1EA43007A2097 /* DrinksUITests.swift in Sources */,
				A730C85828E1EA43007A2097 /* DrinksUITestsLaunchTests.swift in Sources */,
			);
			runOnlyForDeploymentPostprocessing = 0;
		};
/* End PBXSourcesBuildPhase section */

/* Begin PBXTargetDependency section */
		A730C84928E1EA43007A2097 /* PBXTargetDependency */ = {
			isa = PBXTargetDependency;
			target = A730C83628E1EA41007A2097 /* Drinks */;
			targetProxy = A730C84828E1EA43007A2097 /* PBXContainerItemProxy */;
		};
		A730C85328E1EA43007A2097 /* PBXTargetDependency */ = {
			isa = PBXTargetDependency;
			target = A730C83628E1EA41007A2097 /* Drinks */;
			targetProxy = A730C85228E1EA43007A2097 /* PBXContainerItemProxy */;
		};
/* End PBXTargetDependency section */

/* Begin PBXVariantGroup section */
		A7829ACB28F8358600B9B405 /* Localizable.strings */ = {
			isa = PBXVariantGroup;
			children = (
				A7829ACA28F8358600B9B405 /* en */,
				A7829ACC28F8358900B9B405 /* pt-BR */,
			);
			name = Localizable.strings;
			sourceTree = "<group>";
		};
/* End PBXVariantGroup section */

/* Begin XCBuildConfiguration section */
		A730C85928E1EA43007A2097 /* Debug */ = {
			isa = XCBuildConfiguration;
			buildSettings = {
				ALWAYS_SEARCH_USER_PATHS = NO;
				CLANG_ANALYZER_NONNULL = YES;
				CLANG_ANALYZER_NUMBER_OBJECT_CONVERSION = YES_AGGRESSIVE;
				CLANG_CXX_LANGUAGE_STANDARD = "gnu++20";
				CLANG_ENABLE_MODULES = YES;
				CLANG_ENABLE_OBJC_ARC = YES;
				CLANG_ENABLE_OBJC_WEAK = YES;
				CLANG_WARN_BLOCK_CAPTURE_AUTORELEASING = YES;
				CLANG_WARN_BOOL_CONVERSION = YES;
				CLANG_WARN_COMMA = YES;
				CLANG_WARN_CONSTANT_CONVERSION = YES;
				CLANG_WARN_DEPRECATED_OBJC_IMPLEMENTATIONS = YES;
				CLANG_WARN_DIRECT_OBJC_ISA_USAGE = YES_ERROR;
				CLANG_WARN_DOCUMENTATION_COMMENTS = YES;
				CLANG_WARN_EMPTY_BODY = YES;
				CLANG_WARN_ENUM_CONVERSION = YES;
				CLANG_WARN_INFINITE_RECURSION = YES;
				CLANG_WARN_INT_CONVERSION = YES;
				CLANG_WARN_NON_LITERAL_NULL_CONVERSION = YES;
				CLANG_WARN_OBJC_IMPLICIT_RETAIN_SELF = YES;
				CLANG_WARN_OBJC_LITERAL_CONVERSION = YES;
				CLANG_WARN_OBJC_ROOT_CLASS = YES_ERROR;
				CLANG_WARN_QUOTED_INCLUDE_IN_FRAMEWORK_HEADER = YES;
				CLANG_WARN_RANGE_LOOP_ANALYSIS = YES;
				CLANG_WARN_STRICT_PROTOTYPES = YES;
				CLANG_WARN_SUSPICIOUS_MOVE = YES;
				CLANG_WARN_UNGUARDED_AVAILABILITY = YES_AGGRESSIVE;
				CLANG_WARN_UNREACHABLE_CODE = YES;
				CLANG_WARN__DUPLICATE_METHOD_MATCH = YES;
				COPY_PHASE_STRIP = NO;
				DEBUG_INFORMATION_FORMAT = dwarf;
				ENABLE_STRICT_OBJC_MSGSEND = YES;
				ENABLE_TESTABILITY = YES;
				GCC_C_LANGUAGE_STANDARD = gnu11;
				GCC_DYNAMIC_NO_PIC = NO;
				GCC_NO_COMMON_BLOCKS = YES;
				GCC_OPTIMIZATION_LEVEL = 0;
				GCC_PREPROCESSOR_DEFINITIONS = (
					"DEBUG=1",
					"$(inherited)",
				);
				GCC_WARN_64_TO_32_BIT_CONVERSION = YES;
				GCC_WARN_ABOUT_RETURN_TYPE = YES_ERROR;
				GCC_WARN_UNDECLARED_SELECTOR = YES;
				GCC_WARN_UNINITIALIZED_AUTOS = YES_AGGRESSIVE;
				GCC_WARN_UNUSED_FUNCTION = YES;
				GCC_WARN_UNUSED_VARIABLE = YES;
				IPHONEOS_DEPLOYMENT_TARGET = 16.0;
				MTL_ENABLE_DEBUG_INFO = INCLUDE_SOURCE;
				MTL_FAST_MATH = YES;
				ONLY_ACTIVE_ARCH = YES;
				SDKROOT = iphoneos;
				SWIFT_ACTIVE_COMPILATION_CONDITIONS = DEBUG;
				SWIFT_OPTIMIZATION_LEVEL = "-Onone";
			};
			name = Debug;
		};
		A730C85A28E1EA43007A2097 /* Release */ = {
			isa = XCBuildConfiguration;
			buildSettings = {
				ALWAYS_SEARCH_USER_PATHS = NO;
				CLANG_ANALYZER_NONNULL = YES;
				CLANG_ANALYZER_NUMBER_OBJECT_CONVERSION = YES_AGGRESSIVE;
				CLANG_CXX_LANGUAGE_STANDARD = "gnu++20";
				CLANG_ENABLE_MODULES = YES;
				CLANG_ENABLE_OBJC_ARC = YES;
				CLANG_ENABLE_OBJC_WEAK = YES;
				CLANG_WARN_BLOCK_CAPTURE_AUTORELEASING = YES;
				CLANG_WARN_BOOL_CONVERSION = YES;
				CLANG_WARN_COMMA = YES;
				CLANG_WARN_CONSTANT_CONVERSION = YES;
				CLANG_WARN_DEPRECATED_OBJC_IMPLEMENTATIONS = YES;
				CLANG_WARN_DIRECT_OBJC_ISA_USAGE = YES_ERROR;
				CLANG_WARN_DOCUMENTATION_COMMENTS = YES;
				CLANG_WARN_EMPTY_BODY = YES;
				CLANG_WARN_ENUM_CONVERSION = YES;
				CLANG_WARN_INFINITE_RECURSION = YES;
				CLANG_WARN_INT_CONVERSION = YES;
				CLANG_WARN_NON_LITERAL_NULL_CONVERSION = YES;
				CLANG_WARN_OBJC_IMPLICIT_RETAIN_SELF = YES;
				CLANG_WARN_OBJC_LITERAL_CONVERSION = YES;
				CLANG_WARN_OBJC_ROOT_CLASS = YES_ERROR;
				CLANG_WARN_QUOTED_INCLUDE_IN_FRAMEWORK_HEADER = YES;
				CLANG_WARN_RANGE_LOOP_ANALYSIS = YES;
				CLANG_WARN_STRICT_PROTOTYPES = YES;
				CLANG_WARN_SUSPICIOUS_MOVE = YES;
				CLANG_WARN_UNGUARDED_AVAILABILITY = YES_AGGRESSIVE;
				CLANG_WARN_UNREACHABLE_CODE = YES;
				CLANG_WARN__DUPLICATE_METHOD_MATCH = YES;
				COPY_PHASE_STRIP = NO;
				DEBUG_INFORMATION_FORMAT = "dwarf-with-dsym";
				ENABLE_NS_ASSERTIONS = NO;
				ENABLE_STRICT_OBJC_MSGSEND = YES;
				GCC_C_LANGUAGE_STANDARD = gnu11;
				GCC_NO_COMMON_BLOCKS = YES;
				GCC_WARN_64_TO_32_BIT_CONVERSION = YES;
				GCC_WARN_ABOUT_RETURN_TYPE = YES_ERROR;
				GCC_WARN_UNDECLARED_SELECTOR = YES;
				GCC_WARN_UNINITIALIZED_AUTOS = YES_AGGRESSIVE;
				GCC_WARN_UNUSED_FUNCTION = YES;
				GCC_WARN_UNUSED_VARIABLE = YES;
				IPHONEOS_DEPLOYMENT_TARGET = 16.0;
				MTL_ENABLE_DEBUG_INFO = NO;
				MTL_FAST_MATH = YES;
				SDKROOT = iphoneos;
				SWIFT_COMPILATION_MODE = wholemodule;
				SWIFT_OPTIMIZATION_LEVEL = "-O";
				VALIDATE_PRODUCT = YES;
			};
			name = Release;
		};
		A730C85C28E1EA43007A2097 /* Debug */ = {
			isa = XCBuildConfiguration;
			buildSettings = {
				ASSETCATALOG_COMPILER_APPICON_NAME = AppIcon;
				ASSETCATALOG_COMPILER_GLOBAL_ACCENT_COLOR_NAME = AccentColor;
				CODE_SIGN_STYLE = Automatic;
				CURRENT_PROJECT_VERSION = 1;
				DEVELOPMENT_ASSET_PATHS = "\"Drinks/Preview Content\"";
				DEVELOPMENT_TEAM = 3W2GZBLUSM;
				ENABLE_PREVIEWS = YES;
				GENERATE_INFOPLIST_FILE = YES;
				INFOPLIST_FILE = Drinks/Info.plist;
				INFOPLIST_KEY_UIApplicationSceneManifest_Generation = YES;
				INFOPLIST_KEY_UIApplicationSupportsIndirectInputEvents = YES;
				INFOPLIST_KEY_UILaunchScreen_Generation = YES;
				INFOPLIST_KEY_UISupportedInterfaceOrientations_iPad = "UIInterfaceOrientationPortrait UIInterfaceOrientationPortraitUpsideDown UIInterfaceOrientationLandscapeLeft UIInterfaceOrientationLandscapeRight";
				INFOPLIST_KEY_UISupportedInterfaceOrientations_iPhone = "UIInterfaceOrientationPortrait UIInterfaceOrientationLandscapeLeft UIInterfaceOrientationLandscapeRight";
				LD_RUNPATH_SEARCH_PATHS = (
					"$(inherited)",
					"@executable_path/Frameworks",
				);
				MARKETING_VERSION = 1.0;
				PRODUCT_BUNDLE_IDENTIFIER = com.WD40.Drinks;
				PRODUCT_NAME = "$(TARGET_NAME)";
				SWIFT_EMIT_LOC_STRINGS = YES;
				SWIFT_VERSION = 5.0;
				TARGETED_DEVICE_FAMILY = "1,2";
			};
			name = Debug;
		};
		A730C85D28E1EA43007A2097 /* Release */ = {
			isa = XCBuildConfiguration;
			buildSettings = {
				ASSETCATALOG_COMPILER_APPICON_NAME = AppIcon;
				ASSETCATALOG_COMPILER_GLOBAL_ACCENT_COLOR_NAME = AccentColor;
				CODE_SIGN_STYLE = Automatic;
				CURRENT_PROJECT_VERSION = 1;
				DEVELOPMENT_ASSET_PATHS = "\"Drinks/Preview Content\"";
				DEVELOPMENT_TEAM = 3W2GZBLUSM;
				ENABLE_PREVIEWS = YES;
				GENERATE_INFOPLIST_FILE = YES;
				INFOPLIST_FILE = Drinks/Info.plist;
				INFOPLIST_KEY_UIApplicationSceneManifest_Generation = YES;
				INFOPLIST_KEY_UIApplicationSupportsIndirectInputEvents = YES;
				INFOPLIST_KEY_UILaunchScreen_Generation = YES;
				INFOPLIST_KEY_UISupportedInterfaceOrientations_iPad = "UIInterfaceOrientationPortrait UIInterfaceOrientationPortraitUpsideDown UIInterfaceOrientationLandscapeLeft UIInterfaceOrientationLandscapeRight";
				INFOPLIST_KEY_UISupportedInterfaceOrientations_iPhone = "UIInterfaceOrientationPortrait UIInterfaceOrientationLandscapeLeft UIInterfaceOrientationLandscapeRight";
				LD_RUNPATH_SEARCH_PATHS = (
					"$(inherited)",
					"@executable_path/Frameworks",
				);
				MARKETING_VERSION = 1.0;
				PRODUCT_BUNDLE_IDENTIFIER = com.WD40.Drinks;
				PRODUCT_NAME = "$(TARGET_NAME)";
				SWIFT_EMIT_LOC_STRINGS = YES;
				SWIFT_VERSION = 5.0;
				TARGETED_DEVICE_FAMILY = "1,2";
			};
			name = Release;
		};
		A730C85F28E1EA43007A2097 /* Debug */ = {
			isa = XCBuildConfiguration;
			buildSettings = {
				ALWAYS_EMBED_SWIFT_STANDARD_LIBRARIES = YES;
				BUNDLE_LOADER = "$(TEST_HOST)";
				CODE_SIGN_STYLE = Automatic;
				CURRENT_PROJECT_VERSION = 1;
				DEVELOPMENT_TEAM = 3W2GZBLUSM;
				GENERATE_INFOPLIST_FILE = YES;
				IPHONEOS_DEPLOYMENT_TARGET = 16.0;
				MARKETING_VERSION = 1.0;
				PRODUCT_BUNDLE_IDENTIFIER = com.WD40.DrinksTests;
				PRODUCT_NAME = "$(TARGET_NAME)";
				SWIFT_EMIT_LOC_STRINGS = NO;
				SWIFT_VERSION = 5.0;
				TARGETED_DEVICE_FAMILY = "1,2";
				TEST_HOST = "$(BUILT_PRODUCTS_DIR)/Drinks.app/$(BUNDLE_EXECUTABLE_FOLDER_PATH)/Drinks";
			};
			name = Debug;
		};
		A730C86028E1EA43007A2097 /* Release */ = {
			isa = XCBuildConfiguration;
			buildSettings = {
				ALWAYS_EMBED_SWIFT_STANDARD_LIBRARIES = YES;
				BUNDLE_LOADER = "$(TEST_HOST)";
				CODE_SIGN_STYLE = Automatic;
				CURRENT_PROJECT_VERSION = 1;
				DEVELOPMENT_TEAM = 3W2GZBLUSM;
				GENERATE_INFOPLIST_FILE = YES;
				IPHONEOS_DEPLOYMENT_TARGET = 16.0;
				MARKETING_VERSION = 1.0;
				PRODUCT_BUNDLE_IDENTIFIER = com.WD40.DrinksTests;
				PRODUCT_NAME = "$(TARGET_NAME)";
				SWIFT_EMIT_LOC_STRINGS = NO;
				SWIFT_VERSION = 5.0;
				TARGETED_DEVICE_FAMILY = "1,2";
				TEST_HOST = "$(BUILT_PRODUCTS_DIR)/Drinks.app/$(BUNDLE_EXECUTABLE_FOLDER_PATH)/Drinks";
			};
			name = Release;
		};
		A730C86228E1EA43007A2097 /* Debug */ = {
			isa = XCBuildConfiguration;
			buildSettings = {
				ALWAYS_EMBED_SWIFT_STANDARD_LIBRARIES = YES;
				CODE_SIGN_STYLE = Automatic;
				CURRENT_PROJECT_VERSION = 1;
				DEVELOPMENT_TEAM = 3W2GZBLUSM;
				GENERATE_INFOPLIST_FILE = YES;
				MARKETING_VERSION = 1.0;
				PRODUCT_BUNDLE_IDENTIFIER = com.WD40.DrinksUITests;
				PRODUCT_NAME = "$(TARGET_NAME)";
				SWIFT_EMIT_LOC_STRINGS = NO;
				SWIFT_VERSION = 5.0;
				TARGETED_DEVICE_FAMILY = "1,2";
				TEST_TARGET_NAME = Drinks;
			};
			name = Debug;
		};
		A730C86328E1EA43007A2097 /* Release */ = {
			isa = XCBuildConfiguration;
			buildSettings = {
				ALWAYS_EMBED_SWIFT_STANDARD_LIBRARIES = YES;
				CODE_SIGN_STYLE = Automatic;
				CURRENT_PROJECT_VERSION = 1;
				DEVELOPMENT_TEAM = 3W2GZBLUSM;
				GENERATE_INFOPLIST_FILE = YES;
				MARKETING_VERSION = 1.0;
				PRODUCT_BUNDLE_IDENTIFIER = com.WD40.DrinksUITests;
				PRODUCT_NAME = "$(TARGET_NAME)";
				SWIFT_EMIT_LOC_STRINGS = NO;
				SWIFT_VERSION = 5.0;
				TARGETED_DEVICE_FAMILY = "1,2";
				TEST_TARGET_NAME = Drinks;
			};
			name = Release;
		};
/* End XCBuildConfiguration section */

/* Begin XCConfigurationList section */
		A730C83228E1EA41007A2097 /* Build configuration list for PBXProject "Drinks" */ = {
			isa = XCConfigurationList;
			buildConfigurations = (
				A730C85928E1EA43007A2097 /* Debug */,
				A730C85A28E1EA43007A2097 /* Release */,
			);
			defaultConfigurationIsVisible = 0;
			defaultConfigurationName = Release;
		};
		A730C85B28E1EA43007A2097 /* Build configuration list for PBXNativeTarget "Drinks" */ = {
			isa = XCConfigurationList;
			buildConfigurations = (
				A730C85C28E1EA43007A2097 /* Debug */,
				A730C85D28E1EA43007A2097 /* Release */,
			);
			defaultConfigurationIsVisible = 0;
			defaultConfigurationName = Release;
		};
		A730C85E28E1EA43007A2097 /* Build configuration list for PBXNativeTarget "DrinksTests" */ = {
			isa = XCConfigurationList;
			buildConfigurations = (
				A730C85F28E1EA43007A2097 /* Debug */,
				A730C86028E1EA43007A2097 /* Release */,
			);
			defaultConfigurationIsVisible = 0;
			defaultConfigurationName = Release;
		};
		A730C86128E1EA43007A2097 /* Build configuration list for PBXNativeTarget "DrinksUITests" */ = {
			isa = XCConfigurationList;
			buildConfigurations = (
				A730C86228E1EA43007A2097 /* Debug */,
				A730C86328E1EA43007A2097 /* Release */,
			);
			defaultConfigurationIsVisible = 0;
			defaultConfigurationName = Release;
		};
/* End XCConfigurationList section */
	};
	rootObject = A730C82F28E1EA41007A2097 /* Project object */;
}
